// !$*UTF8*$!
{
	archiveVersion = 1;
	classes = {
	};
	objectVersion = 56;
	objects = {

/* Begin PBXBuildFile section */
		A300A1272CAC98AD00E203EB /* RecipeModel.swift in Sources */ = {isa = PBXBuildFile; fileRef = A300A1262CAC98AD00E203EB /* RecipeModel.swift */; };
		A300A1292CAC9B4600E203EB /* RecipeCell.swift in Sources */ = {isa = PBXBuildFile; fileRef = A300A1282CAC9B4600E203EB /* RecipeCell.swift */; };
		A300A12B2CACA0C400E203EB /* RecipeListViewModel.swift in Sources */ = {isa = PBXBuildFile; fileRef = A300A12A2CACA0C400E203EB /* RecipeListViewModel.swift */; };
		A300A12D2CACA22000E203EB /* RecipeListView.swift in Sources */ = {isa = PBXBuildFile; fileRef = A300A12C2CACA22000E203EB /* RecipeListView.swift */; };
		A300A12F2CADC67700E203EB /* APIService.swift in Sources */ = {isa = PBXBuildFile; fileRef = A300A12E2CADC67700E203EB /* APIService.swift */; };
		A300A1322CADC97C00E203EB /* Constants.swift in Sources */ = {isa = PBXBuildFile; fileRef = A300A1312CADC97C00E203EB /* Constants.swift */; };
		A300A1362CB4609300E203EB /* ImageCacheService.swift in Sources */ = {isa = PBXBuildFile; fileRef = A300A1352CB4609300E203EB /* ImageCacheService.swift */; };
		A300A1382CB4664400E203EB /* CachedImage.swift in Sources */ = {isa = PBXBuildFile; fileRef = A300A1372CB4664400E203EB /* CachedImage.swift */; };
		A3E680E72CAC896700B98A4E /* FetchTakeHomeProjectApp.swift in Sources */ = {isa = PBXBuildFile; fileRef = A3E680E62CAC896700B98A4E /* FetchTakeHomeProjectApp.swift */; };
		A3E680E92CAC896700B98A4E /* ContentView.swift in Sources */ = {isa = PBXBuildFile; fileRef = A3E680E82CAC896700B98A4E /* ContentView.swift */; };
		A3E680EB2CAC896800B98A4E /* Assets.xcassets in Resources */ = {isa = PBXBuildFile; fileRef = A3E680EA2CAC896800B98A4E /* Assets.xcassets */; };
		A3E680EE2CAC896800B98A4E /* Preview Assets.xcassets in Resources */ = {isa = PBXBuildFile; fileRef = A3E680ED2CAC896800B98A4E /* Preview Assets.xcassets */; };
		A3E680F82CAC896800B98A4E /* FetchTakeHomeProjectTests.swift in Sources */ = {isa = PBXBuildFile; fileRef = A3E680F72CAC896800B98A4E /* FetchTakeHomeProjectTests.swift */; };
/* End PBXBuildFile section */

/* Begin PBXContainerItemProxy section */
		A3E680F42CAC896800B98A4E /* PBXContainerItemProxy */ = {
			isa = PBXContainerItemProxy;
			containerPortal = A3E680DB2CAC896700B98A4E /* Project object */;
			proxyType = 1;
			remoteGlobalIDString = A3E680E22CAC896700B98A4E;
			remoteInfo = FetchTakeHomeProject;
		};
/* End PBXContainerItemProxy section */

/* Begin PBXFileReference section */
		A300A1262CAC98AD00E203EB /* RecipeModel.swift */ = {isa = PBXFileReference; lastKnownFileType = sourcecode.swift; path = RecipeModel.swift; sourceTree = "<group>"; };
		A300A1282CAC9B4600E203EB /* RecipeCell.swift */ = {isa = PBXFileReference; lastKnownFileType = sourcecode.swift; path = RecipeCell.swift; sourceTree = "<group>"; };
		A300A12A2CACA0C400E203EB /* RecipeListViewModel.swift */ = {isa = PBXFileReference; lastKnownFileType = sourcecode.swift; path = RecipeListViewModel.swift; sourceTree = "<group>"; };
		A300A12C2CACA22000E203EB /* RecipeListView.swift */ = {isa = PBXFileReference; lastKnownFileType = sourcecode.swift; path = RecipeListView.swift; sourceTree = "<group>"; };
		A300A12E2CADC67700E203EB /* APIService.swift */ = {isa = PBXFileReference; lastKnownFileType = sourcecode.swift; path = APIService.swift; sourceTree = "<group>"; };
		A300A1312CADC97C00E203EB /* Constants.swift */ = {isa = PBXFileReference; lastKnownFileType = sourcecode.swift; path = Constants.swift; sourceTree = "<group>"; };
		A300A1352CB4609300E203EB /* ImageCacheService.swift */ = {isa = PBXFileReference; lastKnownFileType = sourcecode.swift; path = ImageCacheService.swift; sourceTree = "<group>"; };
		A300A1372CB4664400E203EB /* CachedImage.swift */ = {isa = PBXFileReference; lastKnownFileType = sourcecode.swift; path = CachedImage.swift; sourceTree = "<group>"; };
		A3E680E32CAC896700B98A4E /* FetchTakeHomeProject.app */ = {isa = PBXFileReference; explicitFileType = wrapper.application; includeInIndex = 0; path = FetchTakeHomeProject.app; sourceTree = BUILT_PRODUCTS_DIR; };
		A3E680E62CAC896700B98A4E /* FetchTakeHomeProjectApp.swift */ = {isa = PBXFileReference; lastKnownFileType = sourcecode.swift; path = FetchTakeHomeProjectApp.swift; sourceTree = "<group>"; };
		A3E680E82CAC896700B98A4E /* ContentView.swift */ = {isa = PBXFileReference; lastKnownFileType = sourcecode.swift; path = ContentView.swift; sourceTree = "<group>"; };
		A3E680EA2CAC896800B98A4E /* Assets.xcassets */ = {isa = PBXFileReference; lastKnownFileType = folder.assetcatalog; path = Assets.xcassets; sourceTree = "<group>"; };
		A3E680ED2CAC896800B98A4E /* Preview Assets.xcassets */ = {isa = PBXFileReference; lastKnownFileType = folder.assetcatalog; path = "Preview Assets.xcassets"; sourceTree = "<group>"; };
		A3E680F32CAC896800B98A4E /* FetchTakeHomeProjectTests.xctest */ = {isa = PBXFileReference; explicitFileType = wrapper.cfbundle; includeInIndex = 0; path = FetchTakeHomeProjectTests.xctest; sourceTree = BUILT_PRODUCTS_DIR; };
		A3E680F72CAC896800B98A4E /* FetchTakeHomeProjectTests.swift */ = {isa = PBXFileReference; lastKnownFileType = sourcecode.swift; path = FetchTakeHomeProjectTests.swift; sourceTree = "<group>"; };
/* End PBXFileReference section */

/* Begin PBXFrameworksBuildPhase section */
		A3E680E02CAC896700B98A4E /* Frameworks */ = {
			isa = PBXFrameworksBuildPhase;
			buildActionMask = 2147483647;
			files = (
			);
			runOnlyForDeploymentPostprocessing = 0;
		};
		A3E680F02CAC896800B98A4E /* Frameworks */ = {
			isa = PBXFrameworksBuildPhase;
			buildActionMask = 2147483647;
			files = (
			);
			runOnlyForDeploymentPostprocessing = 0;
		};
/* End PBXFrameworksBuildPhase section */

/* Begin PBXGroup section */
		A300A1202CAC90AC00E203EB /* Features */ = {
			isa = PBXGroup;
			children = (
				A300A1212CAC90C800E203EB /* Recipes */,
			);
			path = Features;
			sourceTree = "<group>";
		};
		A300A1212CAC90C800E203EB /* Recipes */ = {
			isa = PBXGroup;
			children = (
				A300A1222CAC90DD00E203EB /* Model */,
				A300A1232CAC90E300E203EB /* View */,
				A300A1242CAC90EA00E203EB /* ViewModel */,
			);
			path = Recipes;
			sourceTree = "<group>";
		};
		A300A1222CAC90DD00E203EB /* Model */ = {
			isa = PBXGroup;
			children = (
				A300A1262CAC98AD00E203EB /* RecipeModel.swift */,
			);
			path = Model;
			sourceTree = "<group>";
		};
		A300A1232CAC90E300E203EB /* View */ = {
			isa = PBXGroup;
			children = (
				A3E680E82CAC896700B98A4E /* ContentView.swift */,
				A300A12C2CACA22000E203EB /* RecipeListView.swift */,
				A300A1282CAC9B4600E203EB /* RecipeCell.swift */,
			);
			path = View;
			sourceTree = "<group>";
		};
		A300A1242CAC90EA00E203EB /* ViewModel */ = {
			isa = PBXGroup;
			children = (
				A300A12A2CACA0C400E203EB /* RecipeListViewModel.swift */,
			);
			path = ViewModel;
			sourceTree = "<group>";
		};
		A300A1252CAC94C500E203EB /* Services */ = {
			isa = PBXGroup;
			children = (
				A300A12E2CADC67700E203EB /* APIService.swift */,
				A300A1352CB4609300E203EB /* ImageCacheService.swift */,
			);
			path = Services;
			sourceTree = "<group>";
		};
		A300A1302CADC92300E203EB /* Utilities */ = {
			isa = PBXGroup;
			children = (
				A300A1312CADC97C00E203EB /* Constants.swift */,
				A300A1372CB4664400E203EB /* CachedImage.swift */,
			);
			path = Utilities;
			sourceTree = "<group>";
		};
		A3E680DA2CAC896700B98A4E = {
			isa = PBXGroup;
			children = (
				A3E680E52CAC896700B98A4E /* FetchTakeHomeProject */,
				A3E680F62CAC896800B98A4E /* FetchTakeHomeProjectTests */,
				A3E680E42CAC896700B98A4E /* Products */,
			);
			sourceTree = "<group>";
		};
		A3E680E42CAC896700B98A4E /* Products */ = {
			isa = PBXGroup;
			children = (
				A3E680E32CAC896700B98A4E /* FetchTakeHomeProject.app */,
				A3E680F32CAC896800B98A4E /* FetchTakeHomeProjectTests.xctest */,
			);
			name = Products;
			sourceTree = "<group>";
		};
		A3E680E52CAC896700B98A4E /* FetchTakeHomeProject */ = {
			isa = PBXGroup;
			children = (
				A300A1202CAC90AC00E203EB /* Features */,
				A300A1252CAC94C500E203EB /* Services */,
				A300A1302CADC92300E203EB /* Utilities */,
				A3E680E62CAC896700B98A4E /* FetchTakeHomeProjectApp.swift */,
				A3E680EA2CAC896800B98A4E /* Assets.xcassets */,
				A3E680EC2CAC896800B98A4E /* Preview Content */,
			);
			path = FetchTakeHomeProject;
			sourceTree = "<group>";
		};
		A3E680EC2CAC896800B98A4E /* Preview Content */ = {
			isa = PBXGroup;
			children = (
				A3E680ED2CAC896800B98A4E /* Preview Assets.xcassets */,
			);
			path = "Preview Content";
			sourceTree = "<group>";
		};
		A3E680F62CAC896800B98A4E /* FetchTakeHomeProjectTests */ = {
			isa = PBXGroup;
			children = (
				A3E680F72CAC896800B98A4E /* FetchTakeHomeProjectTests.swift */,
			);
			path = FetchTakeHomeProjectTests;
			sourceTree = "<group>";
		};
/* End PBXGroup section */

/* Begin PBXNativeTarget section */
		A3E680E22CAC896700B98A4E /* FetchTakeHomeProject */ = {
			isa = PBXNativeTarget;
			buildConfigurationList = A3E681072CAC896800B98A4E /* Build configuration list for PBXNativeTarget "FetchTakeHomeProject" */;
			buildPhases = (
				A3E680DF2CAC896700B98A4E /* Sources */,
				A3E680E02CAC896700B98A4E /* Frameworks */,
				A3E680E12CAC896700B98A4E /* Resources */,
			);
			buildRules = (
			);
			dependencies = (
			);
			name = FetchTakeHomeProject;
			productName = FetchTakeHomeProject;
			productReference = A3E680E32CAC896700B98A4E /* FetchTakeHomeProject.app */;
			productType = "com.apple.product-type.application";
		};
		A3E680F22CAC896800B98A4E /* FetchTakeHomeProjectTests */ = {
			isa = PBXNativeTarget;
			buildConfigurationList = A3E6810A2CAC896800B98A4E /* Build configuration list for PBXNativeTarget "FetchTakeHomeProjectTests" */;
			buildPhases = (
				A3E680EF2CAC896800B98A4E /* Sources */,
				A3E680F02CAC896800B98A4E /* Frameworks */,
				A3E680F12CAC896800B98A4E /* Resources */,
			);
			buildRules = (
			);
			dependencies = (
				A3E680F52CAC896800B98A4E /* PBXTargetDependency */,
			);
			name = FetchTakeHomeProjectTests;
			productName = FetchTakeHomeProjectTests;
			productReference = A3E680F32CAC896800B98A4E /* FetchTakeHomeProjectTests.xctest */;
			productType = "com.apple.product-type.bundle.unit-test";
		};
/* End PBXNativeTarget section */

/* Begin PBXProject section */
		A3E680DB2CAC896700B98A4E /* Project object */ = {
			isa = PBXProject;
			attributes = {
				BuildIndependentTargetsInParallel = 1;
				LastSwiftUpdateCheck = 1540;
				LastUpgradeCheck = 1540;
				TargetAttributes = {
					A3E680E22CAC896700B98A4E = {
						CreatedOnToolsVersion = 15.4;
					};
					A3E680F22CAC896800B98A4E = {
						CreatedOnToolsVersion = 15.4;
						TestTargetID = A3E680E22CAC896700B98A4E;
					};
				};
			};
			buildConfigurationList = A3E680DE2CAC896700B98A4E /* Build configuration list for PBXProject "FetchTakeHomeProject" */;
			compatibilityVersion = "Xcode 14.0";
			developmentRegion = en;
			hasScannedForEncodings = 0;
			knownRegions = (
				en,
				Base,
			);
			mainGroup = A3E680DA2CAC896700B98A4E;
			productRefGroup = A3E680E42CAC896700B98A4E /* Products */;
			projectDirPath = "";
			projectRoot = "";
			targets = (
				A3E680E22CAC896700B98A4E /* FetchTakeHomeProject */,
				A3E680F22CAC896800B98A4E /* FetchTakeHomeProjectTests */,
			);
		};
/* End PBXProject section */

/* Begin PBXResourcesBuildPhase section */
		A3E680E12CAC896700B98A4E /* Resources */ = {
			isa = PBXResourcesBuildPhase;
			buildActionMask = 2147483647;
			files = (
				A3E680EE2CAC896800B98A4E /* Preview Assets.xcassets in Resources */,
				A3E680EB2CAC896800B98A4E /* Assets.xcassets in Resources */,
			);
			runOnlyForDeploymentPostprocessing = 0;
		};
		A3E680F12CAC896800B98A4E /* Resources */ = {
			isa = PBXResourcesBuildPhase;
			buildActionMask = 2147483647;
			files = (
			);
			runOnlyForDeploymentPostprocessing = 0;
		};
/* End PBXResourcesBuildPhase section */

/* Begin PBXSourcesBuildPhase section */
		A3E680DF2CAC896700B98A4E /* Sources */ = {
			isa = PBXSourcesBuildPhase;
			buildActionMask = 2147483647;
			files = (
				A300A12D2CACA22000E203EB /* RecipeListView.swift in Sources */,
				A300A1272CAC98AD00E203EB /* RecipeModel.swift in Sources */,
				A300A12F2CADC67700E203EB /* APIService.swift in Sources */,
				A300A1362CB4609300E203EB /* ImageCacheService.swift in Sources */,
				A3E680E92CAC896700B98A4E /* ContentView.swift in Sources */,
				A3E680E72CAC896700B98A4E /* FetchTakeHomeProjectApp.swift in Sources */,
				A300A12B2CACA0C400E203EB /* RecipeListViewModel.swift in Sources */,
				A300A1292CAC9B4600E203EB /* RecipeCell.swift in Sources */,
				A300A1382CB4664400E203EB /* CachedImage.swift in Sources */,
				A300A1322CADC97C00E203EB /* Constants.swift in Sources */,
			);
			runOnlyForDeploymentPostprocessing = 0;
		};
		A3E680EF2CAC896800B98A4E /* Sources */ = {
			isa = PBXSourcesBuildPhase;
			buildActionMask = 2147483647;
			files = (
				A3E680F82CAC896800B98A4E /* FetchTakeHomeProjectTests.swift in Sources */,
			);
			runOnlyForDeploymentPostprocessing = 0;
		};
/* End PBXSourcesBuildPhase section */

/* Begin PBXTargetDependency section */
		A3E680F52CAC896800B98A4E /* PBXTargetDependency */ = {
			isa = PBXTargetDependency;
			target = A3E680E22CAC896700B98A4E /* FetchTakeHomeProject */;
			targetProxy = A3E680F42CAC896800B98A4E /* PBXContainerItemProxy */;
		};
/* End PBXTargetDependency section */

/* Begin XCBuildConfiguration section */
		A3E681052CAC896800B98A4E /* Debug */ = {
			isa = XCBuildConfiguration;
			buildSettings = {
				ALWAYS_SEARCH_USER_PATHS = NO;
				ASSETCATALOG_COMPILER_GENERATE_SWIFT_ASSET_SYMBOL_EXTENSIONS = YES;
				CLANG_ANALYZER_NONNULL = YES;
				CLANG_ANALYZER_NUMBER_OBJECT_CONVERSION = YES_AGGRESSIVE;
				CLANG_CXX_LANGUAGE_STANDARD = "gnu++20";
				CLANG_ENABLE_MODULES = YES;
				CLANG_ENABLE_OBJC_ARC = YES;
				CLANG_ENABLE_OBJC_WEAK = YES;
				CLANG_WARN_BLOCK_CAPTURE_AUTORELEASING = YES;
				CLANG_WARN_BOOL_CONVERSION = YES;
				CLANG_WARN_COMMA = YES;
				CLANG_WARN_CONSTANT_CONVERSION = YES;
				CLANG_WARN_DEPRECATED_OBJC_IMPLEMENTATIONS = YES;
				CLANG_WARN_DIRECT_OBJC_ISA_USAGE = YES_ERROR;
				CLANG_WARN_DOCUMENTATION_COMMENTS = YES;
				CLANG_WARN_EMPTY_BODY = YES;
				CLANG_WARN_ENUM_CONVERSION = YES;
				CLANG_WARN_INFINITE_RECURSION = YES;
				CLANG_WARN_INT_CONVERSION = YES;
				CLANG_WARN_NON_LITERAL_NULL_CONVERSION = YES;
				CLANG_WARN_OBJC_IMPLICIT_RETAIN_SELF = YES;
				CLANG_WARN_OBJC_LITERAL_CONVERSION = YES;
				CLANG_WARN_OBJC_ROOT_CLASS = YES_ERROR;
				CLANG_WARN_QUOTED_INCLUDE_IN_FRAMEWORK_HEADER = YES;
				CLANG_WARN_RANGE_LOOP_ANALYSIS = YES;
				CLANG_WARN_STRICT_PROTOTYPES = YES;
				CLANG_WARN_SUSPICIOUS_MOVE = YES;
				CLANG_WARN_UNGUARDED_AVAILABILITY = YES_AGGRESSIVE;
				CLANG_WARN_UNREACHABLE_CODE = YES;
				CLANG_WARN__DUPLICATE_METHOD_MATCH = YES;
				COPY_PHASE_STRIP = NO;
				DEBUG_INFORMATION_FORMAT = dwarf;
				ENABLE_STRICT_OBJC_MSGSEND = YES;
				ENABLE_TESTABILITY = YES;
				ENABLE_USER_SCRIPT_SANDBOXING = YES;
				GCC_C_LANGUAGE_STANDARD = gnu17;
				GCC_DYNAMIC_NO_PIC = NO;
				GCC_NO_COMMON_BLOCKS = YES;
				GCC_OPTIMIZATION_LEVEL = 0;
				GCC_PREPROCESSOR_DEFINITIONS = (
					"DEBUG=1",
					"$(inherited)",
				);
				GCC_WARN_64_TO_32_BIT_CONVERSION = YES;
				GCC_WARN_ABOUT_RETURN_TYPE = YES_ERROR;
				GCC_WARN_UNDECLARED_SELECTOR = YES;
				GCC_WARN_UNINITIALIZED_AUTOS = YES_AGGRESSIVE;
				GCC_WARN_UNUSED_FUNCTION = YES;
				GCC_WARN_UNUSED_VARIABLE = YES;
				IPHONEOS_DEPLOYMENT_TARGET = 16.0;
				LOCALIZATION_PREFERS_STRING_CATALOGS = YES;
				MTL_ENABLE_DEBUG_INFO = INCLUDE_SOURCE;
				MTL_FAST_MATH = YES;
				ONLY_ACTIVE_ARCH = YES;
				SDKROOT = iphoneos;
				SWIFT_ACTIVE_COMPILATION_CONDITIONS = "DEBUG $(inherited)";
				SWIFT_OPTIMIZATION_LEVEL = "-Onone";
			};
			name = Debug;
		};
		A3E681062CAC896800B98A4E /* Release */ = {
			isa = XCBuildConfiguration;
			buildSettings = {
				ALWAYS_SEARCH_USER_PATHS = NO;
				ASSETCATALOG_COMPILER_GENERATE_SWIFT_ASSET_SYMBOL_EXTENSIONS = YES;
				CLANG_ANALYZER_NONNULL = YES;
				CLANG_ANALYZER_NUMBER_OBJECT_CONVERSION = YES_AGGRESSIVE;
				CLANG_CXX_LANGUAGE_STANDARD = "gnu++20";
				CLANG_ENABLE_MODULES = YES;
				CLANG_ENABLE_OBJC_ARC = YES;
				CLANG_ENABLE_OBJC_WEAK = YES;
				CLANG_WARN_BLOCK_CAPTURE_AUTORELEASING = YES;
				CLANG_WARN_BOOL_CONVERSION = YES;
				CLANG_WARN_COMMA = YES;
				CLANG_WARN_CONSTANT_CONVERSION = YES;
				CLANG_WARN_DEPRECATED_OBJC_IMPLEMENTATIONS = YES;
				CLANG_WARN_DIRECT_OBJC_ISA_USAGE = YES_ERROR;
				CLANG_WARN_DOCUMENTATION_COMMENTS = YES;
				CLANG_WARN_EMPTY_BODY = YES;
				CLANG_WARN_ENUM_CONVERSION = YES;
				CLANG_WARN_INFINITE_RECURSION = YES;
				CLANG_WARN_INT_CONVERSION = YES;
				CLANG_WARN_NON_LITERAL_NULL_CONVERSION = YES;
				CLANG_WARN_OBJC_IMPLICIT_RETAIN_SELF = YES;
				CLANG_WARN_OBJC_LITERAL_CONVERSION = YES;
				CLANG_WARN_OBJC_ROOT_CLASS = YES_ERROR;
				CLANG_WARN_QUOTED_INCLUDE_IN_FRAMEWORK_HEADER = YES;
				CLANG_WARN_RANGE_LOOP_ANALYSIS = YES;
				CLANG_WARN_STRICT_PROTOTYPES = YES;
				CLANG_WARN_SUSPICIOUS_MOVE = YES;
				CLANG_WARN_UNGUARDED_AVAILABILITY = YES_AGGRESSIVE;
				CLANG_WARN_UNREACHABLE_CODE = YES;
				CLANG_WARN__DUPLICATE_METHOD_MATCH = YES;
				COPY_PHASE_STRIP = NO;
				DEBUG_INFORMATION_FORMAT = "dwarf-with-dsym";
				ENABLE_NS_ASSERTIONS = NO;
				ENABLE_STRICT_OBJC_MSGSEND = YES;
				ENABLE_USER_SCRIPT_SANDBOXING = YES;
				GCC_C_LANGUAGE_STANDARD = gnu17;
				GCC_NO_COMMON_BLOCKS = YES;
				GCC_WARN_64_TO_32_BIT_CONVERSION = YES;
				GCC_WARN_ABOUT_RETURN_TYPE = YES_ERROR;
				GCC_WARN_UNDECLARED_SELECTOR = YES;
				GCC_WARN_UNINITIALIZED_AUTOS = YES_AGGRESSIVE;
				GCC_WARN_UNUSED_FUNCTION = YES;
				GCC_WARN_UNUSED_VARIABLE = YES;
				IPHONEOS_DEPLOYMENT_TARGET = 16.0;
				LOCALIZATION_PREFERS_STRING_CATALOGS = YES;
				MTL_ENABLE_DEBUG_INFO = NO;
				MTL_FAST_MATH = YES;
				SDKROOT = iphoneos;
				SWIFT_COMPILATION_MODE = wholemodule;
				VALIDATE_PRODUCT = YES;
			};
			name = Release;
		};
		A3E681082CAC896800B98A4E /* Debug */ = {
			isa = XCBuildConfiguration;
			buildSettings = {
				ASSETCATALOG_COMPILER_APPICON_NAME = AppIcon;
				ASSETCATALOG_COMPILER_GLOBAL_ACCENT_COLOR_NAME = AccentColor;
				CODE_SIGN_STYLE = Automatic;
				CURRENT_PROJECT_VERSION = 1;
				DEVELOPMENT_ASSET_PATHS = "\"FetchTakeHomeProject/Preview Content\"";
				DEVELOPMENT_TEAM = 678G97L9R5;
				ENABLE_PREVIEWS = YES;
				GENERATE_INFOPLIST_FILE = YES;
				INFOPLIST_KEY_UIApplicationSceneManifest_Generation = YES;
				INFOPLIST_KEY_UIApplicationSupportsIndirectInputEvents = YES;
				INFOPLIST_KEY_UILaunchScreen_Generation = YES;
				INFOPLIST_KEY_UISupportedInterfaceOrientations_iPad = "UIInterfaceOrientationPortrait UIInterfaceOrientationPortraitUpsideDown UIInterfaceOrientationLandscapeLeft UIInterfaceOrientationLandscapeRight";
				INFOPLIST_KEY_UISupportedInterfaceOrientations_iPhone = "UIInterfaceOrientationPortrait UIInterfaceOrientationLandscapeLeft UIInterfaceOrientationLandscapeRight";
				IPHONEOS_DEPLOYMENT_TARGET = 16.0;
				LD_RUNPATH_SEARCH_PATHS = (
					"$(inherited)",
					"@executable_path/Frameworks",
				);
				MARKETING_VERSION = 1.0;
				PRODUCT_BUNDLE_IDENTIFIER = fetch.FetchTakeHomeProject;
				PRODUCT_NAME = "$(TARGET_NAME)";
				SWIFT_EMIT_LOC_STRINGS = YES;
				SWIFT_VERSION = 5.0;
				TARGETED_DEVICE_FAMILY = "1,2";
			};
			name = Debug;
		};
		A3E681092CAC896800B98A4E /* Release */ = {
			isa = XCBuildConfiguration;
			buildSettings = {
				ASSETCATALOG_COMPILER_APPICON_NAME = AppIcon;
				ASSETCATALOG_COMPILER_GLOBAL_ACCENT_COLOR_NAME = AccentColor;
				CODE_SIGN_STYLE = Automatic;
				CURRENT_PROJECT_VERSION = 1;
				DEVELOPMENT_ASSET_PATHS = "\"FetchTakeHomeProject/Preview Content\"";
				DEVELOPMENT_TEAM = 678G97L9R5;
				ENABLE_PREVIEWS = YES;
				GENERATE_INFOPLIST_FILE = YES;
				INFOPLIST_KEY_UIApplicationSceneManifest_Generation = YES;
				INFOPLIST_KEY_UIApplicationSupportsIndirectInputEvents = YES;
				INFOPLIST_KEY_UILaunchScreen_Generation = YES;
				INFOPLIST_KEY_UISupportedInterfaceOrientations_iPad = "UIInterfaceOrientationPortrait UIInterfaceOrientationPortraitUpsideDown UIInterfaceOrientationLandscapeLeft UIInterfaceOrientationLandscapeRight";
				INFOPLIST_KEY_UISupportedInterfaceOrientations_iPhone = "UIInterfaceOrientationPortrait UIInterfaceOrientationLandscapeLeft UIInterfaceOrientationLandscapeRight";
				IPHONEOS_DEPLOYMENT_TARGET = 16.0;
				LD_RUNPATH_SEARCH_PATHS = (
					"$(inherited)",
					"@executable_path/Frameworks",
				);
				MARKETING_VERSION = 1.0;
				PRODUCT_BUNDLE_IDENTIFIER = fetch.FetchTakeHomeProject;
				PRODUCT_NAME = "$(TARGET_NAME)";
				SWIFT_EMIT_LOC_STRINGS = YES;
				SWIFT_VERSION = 5.0;
				TARGETED_DEVICE_FAMILY = "1,2";
			};
			name = Release;
		};
		A3E6810B2CAC896800B98A4E /* Debug */ = {
			isa = XCBuildConfiguration;
			buildSettings = {
				ALWAYS_EMBED_SWIFT_STANDARD_LIBRARIES = YES;
				BUNDLE_LOADER = "$(TEST_HOST)";
				CODE_SIGN_STYLE = Automatic;
				CURRENT_PROJECT_VERSION = 1;
				DEVELOPMENT_TEAM = 678G97L9R5;
				GENERATE_INFOPLIST_FILE = YES;
				IPHONEOS_DEPLOYMENT_TARGET = 16.0;
				MARKETING_VERSION = 1.0;
				PRODUCT_BUNDLE_IDENTIFIER = fetch.FetchTakeHomeProjectTests;
				PRODUCT_NAME = "$(TARGET_NAME)";
				SWIFT_EMIT_LOC_STRINGS = NO;
				SWIFT_VERSION = 5.0;
				TARGETED_DEVICE_FAMILY = "1,2";
				TEST_HOST = "$(BUILT_PRODUCTS_DIR)/FetchTakeHomeProject.app/$(BUNDLE_EXECUTABLE_FOLDER_PATH)/FetchTakeHomeProject";
			};
			name = Debug;
		};
		A3E6810C2CAC896800B98A4E /* Release */ = {
			isa = XCBuildConfiguration;
			buildSettings = {
				ALWAYS_EMBED_SWIFT_STANDARD_LIBRARIES = YES;
				BUNDLE_LOADER = "$(TEST_HOST)";
				CODE_SIGN_STYLE = Automatic;
				CURRENT_PROJECT_VERSION = 1;
				DEVELOPMENT_TEAM = 678G97L9R5;
				GENERATE_INFOPLIST_FILE = YES;
				IPHONEOS_DEPLOYMENT_TARGET = 16.0;
				MARKETING_VERSION = 1.0;
				PRODUCT_BUNDLE_IDENTIFIER = fetch.FetchTakeHomeProjectTests;
				PRODUCT_NAME = "$(TARGET_NAME)";
				SWIFT_EMIT_LOC_STRINGS = NO;
				SWIFT_VERSION = 5.0;
				TARGETED_DEVICE_FAMILY = "1,2";
				TEST_HOST = "$(BUILT_PRODUCTS_DIR)/FetchTakeHomeProject.app/$(BUNDLE_EXECUTABLE_FOLDER_PATH)/FetchTakeHomeProject";
			};
			name = Release;
		};
/* End XCBuildConfiguration section */

/* Begin XCConfigurationList section */
		A3E680DE2CAC896700B98A4E /* Build configuration list for PBXProject "FetchTakeHomeProject" */ = {
			isa = XCConfigurationList;
			buildConfigurations = (
				A3E681052CAC896800B98A4E /* Debug */,
				A3E681062CAC896800B98A4E /* Release */,
			);
			defaultConfigurationIsVisible = 0;
			defaultConfigurationName = Release;
		};
		A3E681072CAC896800B98A4E /* Build configuration list for PBXNativeTarget "FetchTakeHomeProject" */ = {
			isa = XCConfigurationList;
			buildConfigurations = (
				A3E681082CAC896800B98A4E /* Debug */,
				A3E681092CAC896800B98A4E /* Release */,
			);
			defaultConfigurationIsVisible = 0;
			defaultConfigurationName = Release;
		};
		A3E6810A2CAC896800B98A4E /* Build configuration list for PBXNativeTarget "FetchTakeHomeProjectTests" */ = {
			isa = XCConfigurationList;
			buildConfigurations = (
				A3E6810B2CAC896800B98A4E /* Debug */,
				A3E6810C2CAC896800B98A4E /* Release */,
			);
			defaultConfigurationIsVisible = 0;
			defaultConfigurationName = Release;
		};
/* End XCConfigurationList section */
	};
	rootObject = A3E680DB2CAC896700B98A4E /* Project object */;
}
